gitee.com/llyb120/goscript v0.0.9 h1:7BUWtJB5vHBXtYMHWVZCE4zdtim9H23G6PzIDhnNokM=
gitee.com/llyb120/goscript v0.0.9/go.mod h1:I2dhwIRGN0nqAPb7iPhiHXybUYXc6+YPmuPe2kYbhbY=
github.com/petermattis/goid v0.0.0-20250211185408-f2b9d978cd7a h1:ckxP/kGzsxvxXo8jO6E/0QJ8MMmwI7IRj4Fys9QbAZA=
github.com/petermattis/goid v0.0.0-20250211185408-f2b9d978cd7a/go.mod h1:pxMtw7cyUw6B2bRH0ZBANSPg+AoSud1I1iyJHI69jH4=
golang.org/x/sync v0.11.0 h1:GGz8+XQP4FvTTrjZPzNKTMFtSXH80RAzG+5ghFPgK9w=
golang.org/x/sync v0.11.0/go.mod h1:Czt+wKu1gCyEFDUtn0jG5QVvpJ6rzVqr5aXyt9drQfk=
