github.com/llyb120/goscript v0.0.18 h1:7/4ysu5dNgd079iolFMQWz2QLePWMaAkD0tJ5pbvbUY=
github.com/llyb120/goscript v0.0.18/go.mod h1:Fq9bWntwE37sqBjVGoxoe3n8Sl7SBxqfc5p0MlA7GYs=
github.com/petermattis/goid v0.0.0-20250211185408-f2b9d978cd7a h1:ckxP/kGzsxvxXo8jO6E/0QJ8MMmwI7IRj4Fys9QbAZA=
github.com/petermattis/goid v0.0.0-20250211185408-f2b9d978cd7a/go.mod h1:pxMtw7cyUw6B2bRH0ZBANSPg+AoSud1I1iyJHI69jH4=
golang.org/x/sync v0.11.0 h1:GGz8+XQP4FvTTrjZPzNKTMFtSXH80RAzG+5ghFPgK9w=
golang.org/x/sync v0.11.0/go.mod h1:Czt+wKu1gCyEFDUtn0jG5QVvpJ6rzVqr5aXyt9drQfk=
