gitee.com/llyb120/goscript v0.0.2 h1:GramHXg3B9WyrrJL/1MU2JuH25MLSD37ygL2HgVrnIY=
gitee.com/llyb120/goscript v0.0.2/go.mod h1:I2dhwIRGN0nqAPb7iPhiHXybUYXc6+YPmuPe2kYbhbY=
golang.org/x/sync v0.11.0 h1:GGz8+XQP4FvTTrjZPzNKTMFtSXH80RAzG+5ghFPgK9w=
golang.org/x/sync v0.11.0/go.mod h1:Czt+wKu1gCyEFDUtn0jG5QVvpJ6rzVqr5aXyt9drQfk=
